
Microsoft Visual Studio Solution File, Format Version 12.00
# Visual Studio Version 17
VisualStudioVersion = 17.0.31903.59
MinimumVisualStudioVersion = 10.0.40219.1
Project("{2150E333-8FDC-42A3-9474-1A3956D46DE8}") = "api", "api", "{D82C56D6-B2CD-F611-9E31-04638F7EC30E}"
EndProject
Project("{FAE04EC0-301F-11D3-BF4B-00C04F79EFBC}") = "BookInventory.Api.UnitTests", "api\BookInventory.Api.UnitTests\BookInventory.Api.UnitTests.csproj", "{E264B41E-133C-4585-962B-EBD5B29DDEF6}"
EndProject
Project("{FAE04EC0-301F-11D3-BF4B-00C04F79EFBC}") = "BookInventory.Api", "api\BookInventory.Api\BookInventory.Api.csproj", "{52B3FA40-524F-45A7-A037-BECD6267C03A}"
EndProject
Project("{FAE04EC0-301F-11D3-BF4B-00C04F79EFBC}") = "BookInventory.Common", "api\BookInventory.Common\BookInventory.Common.csproj", "{D1A2FE14-349B-4F5E-BC3F-9AF012724764}"
EndProject
Project("{FAE04EC0-301F-11D3-BF4B-00C04F79EFBC}") = "BookInventory.Repository", "api\BookInventory.Repository\BookInventory.Repository.csproj", "{34C410E8-3184-478A-B873-C754812C3DAE}"
EndProject
Project("{FAE04EC0-301F-11D3-BF4B-00C04F79EFBC}") = "BookInventory.Models", "api\BookInventory.Models\BookInventory.Models.csproj", "{F61D929C-6B62-49F0-8681-BC43A764FEE7}"
EndProject
Project("{FAE04EC0-301F-11D3-BF4B-00C04F79EFBC}") = "BookInventory.Service", "api\BookInventory.Service\BookInventory.Service.csproj", "{47B1E8A5-855D-4385-90A6-05DFAD4FDCED}"
EndProject
Project("{FAE04EC0-301F-11D3-BF4B-00C04F79EFBC}") = "BookInventory.Authorization", "api\BookInventory.Authorization\BookInventory.Authorization.csproj", "{81EFF442-5B5B-4575-9AAA-CCD6A18CD636}"
EndProject
Project("{FAE04EC0-301F-11D3-BF4B-00C04F79EFBC}") = "BookInventory.Repository.IntegrationTests", "api\BookInventory.Repository.IntegrationTests\BookInventory.Repository.IntegrationTests.csproj", "{371A50C2-692D-4FA3-8B76-BE3AFBA6C94A}"
EndProject
Project("{FAE04EC0-301F-11D3-BF4B-00C04F79EFBC}") = "BookInventory.Service.UnitTests", "api\BookInventory.Service.UnitTests\BookInventory.Service.UnitTests.csproj", "{64D3C094-FA4A-4628-B4DF-897DFC5A72FD}"
EndProject
Project("{2150E333-8FDC-42A3-9474-1A3956D46DE8}") = "infra", "infra", "{30258541-D0D8-F3FD-D559-E63D6BF074C2}"
EndProject
Project("{FAE04EC0-301F-11D3-BF4B-00C04F79EFBC}") = "BobsBooks.Infra", "infra\BobsBooks.Infra\BobsBooks.Infra.csproj", "{4DA13F23-F67D-4041-8901-2FABA3AADB36}"
EndProject
Project("{2150E333-8FDC-42A3-9474-1A3956D46DE8}") = "src", "src", "{827E0CD3-B72D-47B6-A68D-7590B98EB39B}"
EndProject
Project("{FAE04EC0-301F-11D3-BF4B-00C04F79EFBC}") = "BobsBooks.Agent", "src\BobsBooks.Agent\BobsBooks.Agent.csproj", "{C00D108D-C991-4ECB-9AD9-02236189FEBF}"
EndProject
Project("{FAE04EC0-301F-11D3-BF4B-00C04F79EFBC}") = "BobsBooks.Shared", "src\BobsBooks.Shared\BobsBooks.Shared.csproj", "{A3B643D9-0B9D-4C09-B990-2942FDA24D3C}"
EndProject
Project("{FAE04EC0-301F-11D3-BF4B-00C04F79EFBC}") = "BobsBooks.AppHost", "src\BobsBooks.AppHost\BobsBooks.AppHost.csproj", "{84CC040C-461E-43BA-B0B9-B5C79AACF7E1}"
EndProject
Project("{FAE04EC0-301F-11D3-BF4B-00C04F79EFBC}") = "BobsBooks.Console", "src\BobsBooks.Console\BobsBooks.Console.csproj", "{B30C399A-5A70-4F73-A0A2-CE3198CEEF7B}"
EndProject
Project("{FAE04EC0-301F-11D3-BF4B-00C04F79EFBC}") = "BobsBooks.GatewayProbe", "src\BobsBooks.GatewayProbe\BobsBooks.GatewayProbe.csproj", "{056B9696-B574-40CB-9B04-7370E90315A2}"
EndProject
Project("{2150E333-8FDC-42A3-9474-1A3956D46DE8}") = "tests", "tests", "{0AB3BF05-4346-4AA6-1389-037BE0695223}"
EndProject
Project("{FAE04EC0-301F-11D3-BF4B-00C04F79EFBC}") = "BobsBooks.Agent.Tests", "tests\BobsBooks.Agent.Tests\BobsBooks.Agent.Tests.csproj", "{048B8F18-CB8F-4105-BE33-2301376E974A}"
EndProject
Global
	GlobalSection(SolutionConfigurationPlatforms) = preSolution
		Debug|Any CPU = Debug|Any CPU
		Debug|x64 = Debug|x64
		Debug|x86 = Debug|x86
		Release|Any CPU = Release|Any CPU
		Release|x64 = Release|x64
		Release|x86 = Release|x86
	EndGlobalSection
	GlobalSection(ProjectConfigurationPlatforms) = postSolution
		{E264B41E-133C-4585-962B-EBD5B29DDEF6}.Debug|Any CPU.ActiveCfg = Debug|Any CPU
		{E264B41E-133C-4585-962B-EBD5B29DDEF6}.Debug|Any CPU.Build.0 = Debug|Any CPU
		{E264B41E-133C-4585-962B-EBD5B29DDEF6}.Debug|x64.ActiveCfg = Debug|Any CPU
		{E264B41E-133C-4585-962B-EBD5B29DDEF6}.Debug|x64.Build.0 = Debug|Any CPU
		{E264B41E-133C-4585-962B-EBD5B29DDEF6}.Debug|x86.ActiveCfg = Debug|Any CPU
		{E264B41E-133C-4585-962B-EBD5B29DDEF6}.Debug|x86.Build.0 = Debug|Any CPU
		{E264B41E-133C-4585-962B-EBD5B29DDEF6}.Release|Any CPU.ActiveCfg = Release|Any CPU
		{E264B41E-133C-4585-962B-EBD5B29DDEF6}.Release|Any CPU.Build.0 = Release|Any CPU
		{E264B41E-133C-4585-962B-EBD5B29DDEF6}.Release|x64.ActiveCfg = Release|Any CPU
		{E264B41E-133C-4585-962B-EBD5B29DDEF6}.Release|x64.Build.0 = Release|Any CPU
		{E264B41E-133C-4585-962B-EBD5B29DDEF6}.Release|x86.ActiveCfg = Release|Any CPU
		{E264B41E-133C-4585-962B-EBD5B29DDEF6}.Release|x86.Build.0 = Release|Any CPU
		{52B3FA40-524F-45A7-A037-BECD6267C03A}.Debug|Any CPU.ActiveCfg = Debug|Any CPU
		{52B3FA40-524F-45A7-A037-BECD6267C03A}.Debug|Any CPU.Build.0 = Debug|Any CPU
		{52B3FA40-524F-45A7-A037-BECD6267C03A}.Debug|x64.ActiveCfg = Debug|Any CPU
		{52B3FA40-524F-45A7-A037-BECD6267C03A}.Debug|x64.Build.0 = Debug|Any CPU
		{52B3FA40-524F-45A7-A037-BECD6267C03A}.Debug|x86.ActiveCfg = Debug|Any CPU
		{52B3FA40-524F-45A7-A037-BECD6267C03A}.Debug|x86.Build.0 = Debug|Any CPU
		{52B3FA40-524F-45A7-A037-BECD6267C03A}.Release|Any CPU.ActiveCfg = Release|Any CPU
		{52B3FA40-524F-45A7-A037-BECD6267C03A}.Release|Any CPU.Build.0 = Release|Any CPU
		{52B3FA40-524F-45A7-A037-BECD6267C03A}.Release|x64.ActiveCfg = Release|Any CPU
		{52B3FA40-524F-45A7-A037-BECD6267C03A}.Release|x64.Build.0 = Release|Any CPU
		{52B3FA40-524F-45A7-A037-BECD6267C03A}.Release|x86.ActiveCfg = Release|Any CPU
		{52B3FA40-524F-45A7-A037-BECD6267C03A}.Release|x86.Build.0 = Release|Any CPU
		{D1A2FE14-349B-4F5E-BC3F-9AF012724764}.Debug|Any CPU.ActiveCfg = Debug|Any CPU
		{D1A2FE14-349B-4F5E-BC3F-9AF012724764}.Debug|Any CPU.Build.0 = Debug|Any CPU
		{D1A2FE14-349B-4F5E-BC3F-9AF012724764}.Debug|x64.ActiveCfg = Debug|Any CPU
		{D1A2FE14-349B-4F5E-BC3F-9AF012724764}.Debug|x64.Build.0 = Debug|Any CPU
		{D1A2FE14-349B-4F5E-BC3F-9AF012724764}.Debug|x86.ActiveCfg = Debug|Any CPU
		{D1A2FE14-349B-4F5E-BC3F-9AF012724764}.Debug|x86.Build.0 = Debug|Any CPU
		{D1A2FE14-349B-4F5E-BC3F-9AF012724764}.Release|Any CPU.ActiveCfg = Release|Any CPU
		{D1A2FE14-349B-4F5E-BC3F-9AF012724764}.Release|Any CPU.Build.0 = Release|Any CPU
		{D1A2FE14-349B-4F5E-BC3F-9AF012724764}.Release|x64.ActiveCfg = Release|Any CPU
		{D1A2FE14-349B-4F5E-BC3F-9AF012724764}.Release|x64.Build.0 = Release|Any CPU
		{D1A2FE14-349B-4F5E-BC3F-9AF012724764}.Release|x86.ActiveCfg = Release|Any CPU
		{D1A2FE14-349B-4F5E-BC3F-9AF012724764}.Release|x86.Build.0 = Release|Any CPU
		{34C410E8-3184-478A-B873-C754812C3DAE}.Debug|Any CPU.ActiveCfg = Debug|Any CPU
		{34C410E8-3184-478A-B873-C754812C3DAE}.Debug|Any CPU.Build.0 = Debug|Any CPU
		{34C410E8-3184-478A-B873-C754812C3DAE}.Debug|x64.ActiveCfg = Debug|Any CPU
		{34C410E8-3184-478A-B873-C754812C3DAE}.Debug|x64.Build.0 = Debug|Any CPU
		{34C410E8-3184-478A-B873-C754812C3DAE}.Debug|x86.ActiveCfg = Debug|Any CPU
		{34C410E8-3184-478A-B873-C754812C3DAE}.Debug|x86.Build.0 = Debug|Any CPU
		{34C410E8-3184-478A-B873-C754812C3DAE}.Release|Any CPU.ActiveCfg = Release|Any CPU
		{34C410E8-3184-478A-B873-C754812C3DAE}.Release|Any CPU.Build.0 = Release|Any CPU
		{34C410E8-3184-478A-B873-C754812C3DAE}.Release|x64.ActiveCfg = Release|Any CPU
		{34C410E8-3184-478A-B873-C754812C3DAE}.Release|x64.Build.0 = Release|Any CPU
		{34C410E8-3184-478A-B873-C754812C3DAE}.Release|x86.ActiveCfg = Release|Any CPU
		{34C410E8-3184-478A-B873-C754812C3DAE}.Release|x86.Build.0 = Release|Any CPU
		{F61D929C-6B62-49F0-8681-BC43A764FEE7}.Debug|Any CPU.ActiveCfg = Debug|Any CPU
		{F61D929C-6B62-49F0-8681-BC43A764FEE7}.Debug|Any CPU.Build.0 = Debug|Any CPU
		{F61D929C-6B62-49F0-8681-BC43A764FEE7}.Debug|x64.ActiveCfg = Debug|Any CPU
		{F61D929C-6B62-49F0-8681-BC43A764FEE7}.Debug|x64.Build.0 = Debug|Any CPU
		{F61D929C-6B62-49F0-8681-BC43A764FEE7}.Debug|x86.ActiveCfg = Debug|Any CPU
		{F61D929C-6B62-49F0-8681-BC43A764FEE7}.Debug|x86.Build.0 = Debug|Any CPU
		{F61D929C-6B62-49F0-8681-BC43A764FEE7}.Release|Any CPU.ActiveCfg = Release|Any CPU
		{F61D929C-6B62-49F0-8681-BC43A764FEE7}.Release|Any CPU.Build.0 = Release|Any CPU
		{F61D929C-6B62-49F0-8681-BC43A764FEE7}.Release|x64.ActiveCfg = Release|Any CPU
		{F61D929C-6B62-49F0-8681-BC43A764FEE7}.Release|x64.Build.0 = Release|Any CPU
		{F61D929C-6B62-49F0-8681-BC43A764FEE7}.Release|x86.ActiveCfg = Release|Any CPU
		{F61D929C-6B62-49F0-8681-BC43A764FEE7}.Release|x86.Build.0 = Release|Any CPU
		{47B1E8A5-855D-4385-90A6-05DFAD4FDCED}.Debug|Any CPU.ActiveCfg = Debug|Any CPU
		{47B1E8A5-855D-4385-90A6-05DFAD4FDCED}.Debug|Any CPU.Build.0 = Debug|Any CPU
		{47B1E8A5-855D-4385-90A6-05DFAD4FDCED}.Debug|x64.ActiveCfg = Debug|Any CPU
		{47B1E8A5-855D-4385-90A6-05DFAD4FDCED}.Debug|x64.Build.0 = Debug|Any CPU
		{47B1E8A5-855D-4385-90A6-05DFAD4FDCED}.Debug|x86.ActiveCfg = Debug|Any CPU
		{47B1E8A5-855D-4385-90A6-05DFAD4FDCED}.Debug|x86.Build.0 = Debug|Any CPU
		{47B1E8A5-855D-4385-90A6-05DFAD4FDCED}.Release|Any CPU.ActiveCfg = Release|Any CPU
		{47B1E8A5-855D-4385-90A6-05DFAD4FDCED}.Release|Any CPU.Build.0 = Release|Any CPU
		{47B1E8A5-855D-4385-90A6-05DFAD4FDCED}.Release|x64.ActiveCfg = Release|Any CPU
		{47B1E8A5-855D-4385-90A6-05DFAD4FDCED}.Release|x64.Build.0 = Release|Any CPU
		{47B1E8A5-855D-4385-90A6-05DFAD4FDCED}.Release|x86.ActiveCfg = Release|Any CPU
		{47B1E8A5-855D-4385-90A6-05DFAD4FDCED}.Release|x86.Build.0 = Release|Any CPU
		{81EFF442-5B5B-4575-9AAA-CCD6A18CD636}.Debug|Any CPU.ActiveCfg = Debug|Any CPU
		{81EFF442-5B5B-4575-9AAA-CCD6A18CD636}.Debug|Any CPU.Build.0 = Debug|Any CPU
		{81EFF442-5B5B-4575-9AAA-CCD6A18CD636}.Debug|x64.ActiveCfg = Debug|Any CPU
		{81EFF442-5B5B-4575-9AAA-CCD6A18CD636}.Debug|x64.Build.0 = Debug|Any CPU
		{81EFF442-5B5B-4575-9AAA-CCD6A18CD636}.Debug|x86.ActiveCfg = Debug|Any CPU
		{81EFF442-5B5B-4575-9AAA-CCD6A18CD636}.Debug|x86.Build.0 = Debug|Any CPU
		{81EFF442-5B5B-4575-9AAA-CCD6A18CD636}.Release|Any CPU.ActiveCfg = Release|Any CPU
		{81EFF442-5B5B-4575-9AAA-CCD6A18CD636}.Release|Any CPU.Build.0 = Release|Any CPU
		{81EFF442-5B5B-4575-9AAA-CCD6A18CD636}.Release|x64.ActiveCfg = Release|Any CPU
		{81EFF442-5B5B-4575-9AAA-CCD6A18CD636}.Release|x64.Build.0 = Release|Any CPU
		{81EFF442-5B5B-4575-9AAA-CCD6A18CD636}.Release|x86.ActiveCfg = Release|Any CPU
		{81EFF442-5B5B-4575-9AAA-CCD6A18CD636}.Release|x86.Build.0 = Release|Any CPU
		{371A50C2-692D-4FA3-8B76-BE3AFBA6C94A}.Debug|Any CPU.ActiveCfg = Debug|Any CPU
		{371A50C2-692D-4FA3-8B76-BE3AFBA6C94A}.Debug|Any CPU.Build.0 = Debug|Any CPU
		{371A50C2-692D-4FA3-8B76-BE3AFBA6C94A}.Debug|x64.ActiveCfg = Debug|Any CPU
		{371A50C2-692D-4FA3-8B76-BE3AFBA6C94A}.Debug|x64.Build.0 = Debug|Any CPU
		{371A50C2-692D-4FA3-8B76-BE3AFBA6C94A}.Debug|x86.ActiveCfg = Debug|Any CPU
		{371A50C2-692D-4FA3-8B76-BE3AFBA6C94A}.Debug|x86.Build.0 = Debug|Any CPU
		{371A50C2-692D-4FA3-8B76-BE3AFBA6C94A}.Release|Any CPU.ActiveCfg = Release|Any CPU
		{371A50C2-692D-4FA3-8B76-BE3AFBA6C94A}.Release|Any CPU.Build.0 = Release|Any CPU
		{371A50C2-692D-4FA3-8B76-BE3AFBA6C94A}.Release|x64.ActiveCfg = Release|Any CPU
		{371A50C2-692D-4FA3-8B76-BE3AFBA6C94A}.Release|x64.Build.0 = Release|Any CPU
		{371A50C2-692D-4FA3-8B76-BE3AFBA6C94A}.Release|x86.ActiveCfg = Release|Any CPU
		{371A50C2-692D-4FA3-8B76-BE3AFBA6C94A}.Release|x86.Build.0 = Release|Any CPU
		{64D3C094-FA4A-4628-B4DF-897DFC5A72FD}.Debug|Any CPU.ActiveCfg = Debug|Any CPU
		{64D3C094-FA4A-4628-B4DF-897DFC5A72FD}.Debug|Any CPU.Build.0 = Debug|Any CPU
		{64D3C094-FA4A-4628-B4DF-897DFC5A72FD}.Debug|x64.ActiveCfg = Debug|Any CPU
		{64D3C094-FA4A-4628-B4DF-897DFC5A72FD}.Debug|x64.Build.0 = Debug|Any CPU
		{64D3C094-FA4A-4628-B4DF-897DFC5A72FD}.Debug|x86.ActiveCfg = Debug|Any CPU
		{64D3C094-FA4A-4628-B4DF-897DFC5A72FD}.Debug|x86.Build.0 = Debug|Any CPU
		{64D3C094-FA4A-4628-B4DF-897DFC5A72FD}.Release|Any CPU.ActiveCfg = Release|Any CPU
		{64D3C094-FA4A-4628-B4DF-897DFC5A72FD}.Release|Any CPU.Build.0 = Release|Any CPU
		{64D3C094-FA4A-4628-B4DF-897DFC5A72FD}.Release|x64.ActiveCfg = Release|Any CPU
		{64D3C094-FA4A-4628-B4DF-897DFC5A72FD}.Release|x64.Build.0 = Release|Any CPU
		{64D3C094-FA4A-4628-B4DF-897DFC5A72FD}.Release|x86.ActiveCfg = Release|Any CPU
		{64D3C094-FA4A-4628-B4DF-897DFC5A72FD}.Release|x86.Build.0 = Release|Any CPU
		{4DA13F23-F67D-4041-8901-2FABA3AADB36}.Debug|Any CPU.ActiveCfg = Debug|Any CPU
		{4DA13F23-F67D-4041-8901-2FABA3AADB36}.Debug|Any CPU.Build.0 = Debug|Any CPU
		{4DA13F23-F67D-4041-8901-2FABA3AADB36}.Debug|x64.ActiveCfg = Debug|Any CPU
		{4DA13F23-F67D-4041-8901-2FABA3AADB36}.Debug|x64.Build.0 = Debug|Any CPU
		{4DA13F23-F67D-4041-8901-2FABA3AADB36}.Debug|x86.ActiveCfg = Debug|Any CPU
		{4DA13F23-F67D-4041-8901-2FABA3AADB36}.Debug|x86.Build.0 = Debug|Any CPU
		{4DA13F23-F67D-4041-8901-2FABA3AADB36}.Release|Any CPU.ActiveCfg = Release|Any CPU
		{4DA13F23-F67D-4041-8901-2FABA3AADB36}.Release|Any CPU.Build.0 = Release|Any CPU
		{4DA13F23-F67D-4041-8901-2FABA3AADB36}.Release|x64.ActiveCfg = Release|Any CPU
		{4DA13F23-F67D-4041-8901-2FABA3AADB36}.Release|x64.Build.0 = Release|Any CPU
		{4DA13F23-F67D-4041-8901-2FABA3AADB36}.Release|x86.ActiveCfg = Release|Any CPU
		{4DA13F23-F67D-4041-8901-2FABA3AADB36}.Release|x86.Build.0 = Release|Any CPU
		{C00D108D-C991-4ECB-9AD9-02236189FEBF}.Debug|Any CPU.ActiveCfg = Debug|Any CPU
		{C00D108D-C991-4ECB-9AD9-02236189FEBF}.Debug|Any CPU.Build.0 = Debug|Any CPU
		{C00D108D-C991-4ECB-9AD9-02236189FEBF}.Debug|x64.ActiveCfg = Debug|Any CPU
		{C00D108D-C991-4ECB-9AD9-02236189FEBF}.Debug|x64.Build.0 = Debug|Any CPU
		{C00D108D-C991-4ECB-9AD9-02236189FEBF}.Debug|x86.ActiveCfg = Debug|Any CPU
		{C00D108D-C991-4ECB-9AD9-02236189FEBF}.Debug|x86.Build.0 = Debug|Any CPU
		{C00D108D-C991-4ECB-9AD9-02236189FEBF}.Release|Any CPU.ActiveCfg = Release|Any CPU
		{C00D108D-C991-4ECB-9AD9-02236189FEBF}.Release|Any CPU.Build.0 = Release|Any CPU
		{C00D108D-C991-4ECB-9AD9-02236189FEBF}.Release|x64.ActiveCfg = Release|Any CPU
		{C00D108D-C991-4ECB-9AD9-02236189FEBF}.Release|x64.Build.0 = Release|Any CPU
		{C00D108D-C991-4ECB-9AD9-02236189FEBF}.Release|x86.ActiveCfg = Release|Any CPU
		{C00D108D-C991-4ECB-9AD9-02236189FEBF}.Release|x86.Build.0 = Release|Any CPU
		{A3B643D9-0B9D-4C09-B990-2942FDA24D3C}.Debug|Any CPU.ActiveCfg = Debug|Any CPU
		{A3B643D9-0B9D-4C09-B990-2942FDA24D3C}.Debug|Any CPU.Build.0 = Debug|Any CPU
		{A3B643D9-0B9D-4C09-B990-2942FDA24D3C}.Debug|x64.ActiveCfg = Debug|Any CPU
		{A3B643D9-0B9D-4C09-B990-2942FDA24D3C}.Debug|x64.Build.0 = Debug|Any CPU
		{A3B643D9-0B9D-4C09-B990-2942FDA24D3C}.Debug|x86.ActiveCfg = Debug|Any CPU
		{A3B643D9-0B9D-4C09-B990-2942FDA24D3C}.Debug|x86.Build.0 = Debug|Any CPU
		{A3B643D9-0B9D-4C09-B990-2942FDA24D3C}.Release|Any CPU.ActiveCfg = Release|Any CPU
		{A3B643D9-0B9D-4C09-B990-2942FDA24D3C}.Release|Any CPU.Build.0 = Release|Any CPU
		{A3B643D9-0B9D-4C09-B990-2942FDA24D3C}.Release|x64.ActiveCfg = Release|Any CPU
		{A3B643D9-0B9D-4C09-B990-2942FDA24D3C}.Release|x64.Build.0 = Release|Any CPU
		{A3B643D9-0B9D-4C09-B990-2942FDA24D3C}.Release|x86.ActiveCfg = Release|Any CPU
		{A3B643D9-0B9D-4C09-B990-2942FDA24D3C}.Release|x86.Build.0 = Release|Any CPU
		{84CC040C-461E-43BA-B0B9-B5C79AACF7E1}.Debug|Any CPU.ActiveCfg = Debug|Any CPU
		{84CC040C-461E-43BA-B0B9-B5C79AACF7E1}.Debug|Any CPU.Build.0 = Debug|Any CPU
		{84CC040C-461E-43BA-B0B9-B5C79AACF7E1}.Debug|x64.ActiveCfg = Debug|Any CPU
		{84CC040C-461E-43BA-B0B9-B5C79AACF7E1}.Debug|x64.Build.0 = Debug|Any CPU
		{84CC040C-461E-43BA-B0B9-B5C79AACF7E1}.Debug|x86.ActiveCfg = Debug|Any CPU
		{84CC040C-461E-43BA-B0B9-B5C79AACF7E1}.Debug|x86.Build.0 = Debug|Any CPU
		{84CC040C-461E-43BA-B0B9-B5C79AACF7E1}.Release|Any CPU.ActiveCfg = Release|Any CPU
		{84CC040C-461E-43BA-B0B9-B5C79AACF7E1}.Release|Any CPU.Build.0 = Release|Any CPU
		{84CC040C-461E-43BA-B0B9-B5C79AACF7E1}.Release|x64.ActiveCfg = Release|Any CPU
		{84CC040C-461E-43BA-B0B9-B5C79AACF7E1}.Release|x64.Build.0 = Release|Any CPU
		{84CC040C-461E-43BA-B0B9-B5C79AACF7E1}.Release|x86.ActiveCfg = Release|Any CPU
		{84CC040C-461E-43BA-B0B9-B5C79AACF7E1}.Release|x86.Build.0 = Release|Any CPU
		{B30C399A-5A70-4F73-A0A2-CE3198CEEF7B}.Debug|Any CPU.ActiveCfg = Debug|Any CPU
		{B30C399A-5A70-4F73-A0A2-CE3198CEEF7B}.Debug|Any CPU.Build.0 = Debug|Any CPU
		{B30C399A-5A70-4F73-A0A2-CE3198CEEF7B}.Debug|x64.ActiveCfg = Debug|Any CPU
		{B30C399A-5A70-4F73-A0A2-CE3198CEEF7B}.Debug|x64.Build.0 = Debug|Any CPU
		{B30C399A-5A70-4F73-A0A2-CE3198CEEF7B}.Debug|x86.ActiveCfg = Debug|Any CPU
		{B30C399A-5A70-4F73-A0A2-CE3198CEEF7B}.Debug|x86.Build.0 = Debug|Any CPU
		{B30C399A-5A70-4F73-A0A2-CE3198CEEF7B}.Release|Any CPU.ActiveCfg = Release|Any CPU
		{B30C399A-5A70-4F73-A0A2-CE3198CEEF7B}.Release|Any CPU.Build.0 = Release|Any CPU
		{B30C399A-5A70-4F73-A0A2-CE3198CEEF7B}.Release|x64.ActiveCfg = Release|Any CPU
		{B30C399A-5A70-4F73-A0A2-CE3198CEEF7B}.Release|x64.Build.0 = Release|Any CPU
		{B30C399A-5A70-4F73-A0A2-CE3198CEEF7B}.Release|x86.ActiveCfg = Release|Any CPU
		{B30C399A-5A70-4F73-A0A2-CE3198CEEF7B}.Release|x86.Build.0 = Release|Any CPU
		{056B9696-B574-40CB-9B04-7370E90315A2}.Debug|Any CPU.ActiveCfg = Debug|Any CPU
		{056B9696-B574-40CB-9B04-7370E90315A2}.Debug|Any CPU.Build.0 = Debug|Any CPU
		{056B9696-B574-40CB-9B04-7370E90315A2}.Debug|x64.ActiveCfg = Debug|Any CPU
		{056B9696-B574-40CB-9B04-7370E90315A2}.Debug|x64.Build.0 = Debug|Any CPU
		{056B9696-B574-40CB-9B04-7370E90315A2}.Debug|x86.ActiveCfg = Debug|Any CPU
		{056B9696-B574-40CB-9B04-7370E90315A2}.Debug|x86.Build.0 = Debug|Any CPU
		{056B9696-B574-40CB-9B04-7370E90315A2}.Release|Any CPU.ActiveCfg = Release|Any CPU
		{056B9696-B574-40CB-9B04-7370E90315A2}.Release|Any CPU.Build.0 = Release|Any CPU
		{056B9696-B574-40CB-9B04-7370E90315A2}.Release|x64.ActiveCfg = Release|Any CPU
		{056B9696-B574-40CB-9B04-7370E90315A2}.Release|x64.Build.0 = Release|Any CPU
		{056B9696-B574-40CB-9B04-7370E90315A2}.Release|x86.ActiveCfg = Release|Any CPU
		{056B9696-B574-40CB-9B04-7370E90315A2}.Release|x86.Build.0 = Release|Any CPU
		{048B8F18-CB8F-4105-BE33-2301376E974A}.Debug|Any CPU.ActiveCfg = Debug|Any CPU
		{048B8F18-CB8F-4105-BE33-2301376E974A}.Debug|Any CPU.Build.0 = Debug|Any CPU
		{048B8F18-CB8F-4105-BE33-2301376E974A}.Debug|x64.ActiveCfg = Debug|Any CPU
		{048B8F18-CB8F-4105-BE33-2301376E974A}.Debug|x64.Build.0 = Debug|Any CPU
		{048B8F18-CB8F-4105-BE33-2301376E974A}.Debug|x86.ActiveCfg = Debug|Any CPU
		{048B8F18-CB8F-4105-BE33-2301376E974A}.Debug|x86.Build.0 = Debug|Any CPU
		{048B8F18-CB8F-4105-BE33-2301376E974A}.Release|Any CPU.ActiveCfg = Release|Any CPU
		{048B8F18-CB8F-4105-BE33-2301376E974A}.Release|Any CPU.Build.0 = Release|Any CPU
		{048B8F18-CB8F-4105-BE33-2301376E974A}.Release|x64.ActiveCfg = Release|Any CPU
		{048B8F18-CB8F-4105-BE33-2301376E974A}.Release|x64.Build.0 = Release|Any CPU
		{048B8F18-CB8F-4105-BE33-2301376E974A}.Release|x86.ActiveCfg = Release|Any CPU
		{048B8F18-CB8F-4105-BE33-2301376E974A}.Release|x86.Build.0 = Release|Any CPU
	EndGlobalSection
	GlobalSection(SolutionProperties) = preSolution
		HideSolutionNode = FALSE
	EndGlobalSection
	GlobalSection(NestedProjects) = preSolution
		{E264B41E-133C-4585-962B-EBD5B29DDEF6} = {D82C56D6-B2CD-F611-9E31-04638F7EC30E}
		{52B3FA40-524F-45A7-A037-BECD6267C03A} = {D82C56D6-B2CD-F611-9E31-04638F7EC30E}
		{D1A2FE14-349B-4F5E-BC3F-9AF012724764} = {D82C56D6-B2CD-F611-9E31-04638F7EC30E}
		{34C410E8-3184-478A-B873-C754812C3DAE} = {D82C56D6-B2CD-F611-9E31-04638F7EC30E}
		{F61D929C-6B62-49F0-8681-BC43A764FEE7} = {D82C56D6-B2CD-F611-9E31-04638F7EC30E}
		{47B1E8A5-855D-4385-90A6-05DFAD4FDCED} = {D82C56D6-B2CD-F611-9E31-04638F7EC30E}
		{81EFF442-5B5B-4575-9AAA-CCD6A18CD636} = {D82C56D6-B2CD-F611-9E31-04638F7EC30E}
		{371A50C2-692D-4FA3-8B76-BE3AFBA6C94A} = {D82C56D6-B2CD-F611-9E31-04638F7EC30E}
		{64D3C094-FA4A-4628-B4DF-897DFC5A72FD} = {D82C56D6-B2CD-F611-9E31-04638F7EC30E}
		{4DA13F23-F67D-4041-8901-2FABA3AADB36} = {30258541-D0D8-F3FD-D559-E63D6BF074C2}
		{C00D108D-C991-4ECB-9AD9-02236189FEBF} = {827E0CD3-B72D-47B6-A68D-7590B98EB39B}
		{A3B643D9-0B9D-4C09-B990-2942FDA24D3C} = {827E0CD3-B72D-47B6-A68D-7590B98EB39B}
		{84CC040C-461E-43BA-B0B9-B5C79AACF7E1} = {827E0CD3-B72D-47B6-A68D-7590B98EB39B}
		{B30C399A-5A70-4F73-A0A2-CE3198CEEF7B} = {827E0CD3-B72D-47B6-A68D-7590B98EB39B}
		{056B9696-B574-40CB-9B04-7370E90315A2} = {827E0CD3-B72D-47B6-A68D-7590B98EB39B}
		{048B8F18-CB8F-4105-BE33-2301376E974A} = {0AB3BF05-4346-4AA6-1389-037BE0695223}
	EndGlobalSection
EndGlobal
